Microsoft Visual Studio Solution File, Format Version 12.00
# Visual Studio Version 17
VisualStudioVersion = 17.5.2.0
MinimumVisualStudioVersion = 10.0.40219.1
Project("{FAE04EC0-301F-11D3-BF4B-00C04F79EFBC}") = "ticketProject", "ticketProject.csproj", "{CCABB365-EE0F-1086-0034-010ED128475C}"
EndProject
Global
	GlobalSection(SolutionConfigurationPlatforms) = preSolution
		Debug|Any CPU = Debug|Any CPU
		Release|Any CPU = Release|Any CPU
	EndGlobalSection
	GlobalSection(ProjectConfigurationPlatforms) = postSolution
		{CCABB365-EE0F-1086-0034-010ED128475C}.Debug|Any CPU.ActiveCfg = Debug|Any CPU
		{CCABB365-EE0F-1086-0034-010ED128475C}.Debug|Any CPU.Build.0 = Debug|Any CPU
		{CCABB365-EE0F-1086-0034-010ED128475C}.Release|Any CPU.ActiveCfg = Release|Any CPU
		{CCABB365-EE0F-1086-0034-010ED128475C}.Release|Any CPU.Build.0 = Release|Any CPU
	EndGlobalSection
	GlobalSection(SolutionProperties) = preSolution
		HideSolutionNode = FALSE
	EndGlobalSection
	GlobalSection(ExtensibilityGlobals) = postSolution
		SolutionGuid = {77A652A0-FAC0-47BF-8921-2FE08A1B5230}
	EndGlobalSection
EndGlobal
